// !$*UTF8*$!
{
	archiveVersion = 1;
	classes = {
	};
	objectVersion = 56;
	objects = {

/* Begin PBXBuildFile section */
		BD205CDE29C43F5700436543 /* Shake_n_CookApp.swift in Sources */ = {isa = PBXBuildFile; fileRef = BD205CDD29C43F5700436543 /* Shake_n_CookApp.swift */; };
		BD205CE029C43F5700436543 /* ContentView.swift in Sources */ = {isa = PBXBuildFile; fileRef = BD205CDF29C43F5700436543 /* ContentView.swift */; };
		BD205CE229C43F5800436543 /* Assets.xcassets in Resources */ = {isa = PBXBuildFile; fileRef = BD205CE129C43F5800436543 /* Assets.xcassets */; };
		BD205CE529C43F5800436543 /* Preview Assets.xcassets in Resources */ = {isa = PBXBuildFile; fileRef = BD205CE429C43F5800436543 /* Preview Assets.xcassets */; };
		BD205CF029C4463F00436543 /* ShakeState.swift in Sources */ = {isa = PBXBuildFile; fileRef = BD205CEF29C4463F00436543 /* ShakeState.swift */; };
		BD205CF429C4475800436543 /* ShakeViewModel.swift in Sources */ = {isa = PBXBuildFile; fileRef = BD205CF329C4475800436543 /* ShakeViewModel.swift */; };
		BD205CF829C4491600436543 /* ShakeView.swift in Sources */ = {isa = PBXBuildFile; fileRef = BD205CF729C4491600436543 /* ShakeView.swift */; };
		BD2549AC29C4C05000AC0585 /* ShakeExt.swift in Sources */ = {isa = PBXBuildFile; fileRef = BD2549AB29C4C05000AC0585 /* ShakeExt.swift */; };
		BD2549B429C5A28700AC0585 /* SearchIngredientView.swift in Sources */ = {isa = PBXBuildFile; fileRef = BD2549B329C5A28700AC0585 /* SearchIngredientView.swift */; };
		BD2549B729C5B1D900AC0585 /* Ingredient.swift in Sources */ = {isa = PBXBuildFile; fileRef = BD2549B629C5B1D900AC0585 /* Ingredient.swift */; };
		BD2549C129C5B9EB00AC0585 /* fridge.svg in Resources */ = {isa = PBXBuildFile; fileRef = BD2549BF29C5B9EB00AC0585 /* fridge.svg */; };
		BD2549C229C5B9EB00AC0585 /* shake.svg in Resources */ = {isa = PBXBuildFile; fileRef = BD2549C029C5B9EB00AC0585 /* shake.svg */; };
		BD2549C529C6184F00AC0585 /* IngredientViewModel.swift in Sources */ = {isa = PBXBuildFile; fileRef = BD2549C429C6184F00AC0585 /* IngredientViewModel.swift */; };
		BD2549C929C6199C00AC0585 /* IngredientRepository.swift in Sources */ = {isa = PBXBuildFile; fileRef = BD2549C829C6199C00AC0585 /* IngredientRepository.swift */; };
		BD2549CC29C61B4D00AC0585 /* Alamofire in Frameworks */ = {isa = PBXBuildFile; productRef = BD2549CB29C61B4D00AC0585 /* Alamofire */; };
		BD2549CF29C61CC100AC0585 /* IngredientResponse.swift in Sources */ = {isa = PBXBuildFile; fileRef = BD2549CE29C61CC100AC0585 /* IngredientResponse.swift */; };
		BD2549D129C62AAA00AC0585 /* ShakeError.swift in Sources */ = {isa = PBXBuildFile; fileRef = BD2549D029C62AAA00AC0585 /* ShakeError.swift */; };
		BD2549D529C6495600AC0585 /* IngredientState.swift in Sources */ = {isa = PBXBuildFile; fileRef = BD2549D429C6495600AC0585 /* IngredientState.swift */; };
		BD546F3329C70165004A7BFA /* DiskCacheImageLoader.swift in Sources */ = {isa = PBXBuildFile; fileRef = BD546F3229C70165004A7BFA /* DiskCacheImageLoader.swift */; };
		BD546F3629C719EE004A7BFA /* FirebaseAuth in Frameworks */ = {isa = PBXBuildFile; productRef = BD546F3529C719EE004A7BFA /* FirebaseAuth */; };
		BD546F3829C719EE004A7BFA /* FirebaseAuthCombine-Community in Frameworks */ = {isa = PBXBuildFile; productRef = BD546F3729C719EE004A7BFA /* FirebaseAuthCombine-Community */; };
		BD546F3A29C719EE004A7BFA /* FirebaseFirestore in Frameworks */ = {isa = PBXBuildFile; productRef = BD546F3929C719EE004A7BFA /* FirebaseFirestore */; };
		BD546F3C29C719EE004A7BFA /* FirebaseFirestoreCombine-Community in Frameworks */ = {isa = PBXBuildFile; productRef = BD546F3B29C719EE004A7BFA /* FirebaseFirestoreCombine-Community */; };
		BD546F3E29C719EE004A7BFA /* FirebaseFirestoreSwift in Frameworks */ = {isa = PBXBuildFile; productRef = BD546F3D29C719EE004A7BFA /* FirebaseFirestoreSwift */; };
		BD546F4029C719EE004A7BFA /* FirebaseRemoteConfig in Frameworks */ = {isa = PBXBuildFile; productRef = BD546F3F29C719EE004A7BFA /* FirebaseRemoteConfig */; };
		BD546F4229C719EE004A7BFA /* FirebaseRemoteConfigSwift in Frameworks */ = {isa = PBXBuildFile; productRef = BD546F4129C719EE004A7BFA /* FirebaseRemoteConfigSwift */; };
		BD546F4429C719EE004A7BFA /* FirebaseStorage in Frameworks */ = {isa = PBXBuildFile; productRef = BD546F4329C719EE004A7BFA /* FirebaseStorage */; };
		BD546F4629C719EE004A7BFA /* FirebaseStorageCombine-Community in Frameworks */ = {isa = PBXBuildFile; productRef = BD546F4529C719EE004A7BFA /* FirebaseStorageCombine-Community */; };
		BD9CCC0229C9FA7F00C13C79 /* CodableFirebase in Frameworks */ = {isa = PBXBuildFile; productRef = BD9CCC0129C9FA7F00C13C79 /* CodableFirebase */; };
		BD9CCC0429CA458C00C13C79 /* NativeExt.swift in Sources */ = {isa = PBXBuildFile; fileRef = BD9CCC0329CA458C00C13C79 /* NativeExt.swift */; };
		BDBCECD329C73BF40094936A /* GoogleService-Info.plist in Resources */ = {isa = PBXBuildFile; fileRef = BDBCECD229C73BF40094936A /* GoogleService-Info.plist */; };
		BDBCECDA29C769F40094936A /* RecipeView.swift in Sources */ = {isa = PBXBuildFile; fileRef = BDBCECD929C769F40094936A /* RecipeView.swift */; };
		BDBCECDD29C779110094936A /* RecipeViewModel.swift in Sources */ = {isa = PBXBuildFile; fileRef = BDBCECDC29C779110094936A /* RecipeViewModel.swift */; };
		BDBCECE029C77A740094936A /* RecipeKind.swift in Sources */ = {isa = PBXBuildFile; fileRef = BDBCECDF29C77A740094936A /* RecipeKind.swift */; };
		BDBCECE229C837170094936A /* RecipesView.swift in Sources */ = {isa = PBXBuildFile; fileRef = BDBCECE129C837170094936A /* RecipesView.swift */; };
		BDBCECE529C84B0D0094936A /* Kingfisher in Frameworks */ = {isa = PBXBuildFile; productRef = BDBCECE429C84B0D0094936A /* Kingfisher */; };
		BDBCECE729C853250094936A /* IngredientItemView.swift in Sources */ = {isa = PBXBuildFile; fileRef = BDBCECE629C853250094936A /* IngredientItemView.swift */; };
		BDBCECE929C85C850094936A /* FloatingActionButtonView.swift in Sources */ = {isa = PBXBuildFile; fileRef = BDBCECE829C85C850094936A /* FloatingActionButtonView.swift */; };
		BDBCECEB29C87D410094936A /* QuantityKind.swift in Sources */ = {isa = PBXBuildFile; fileRef = BDBCECEA29C87D410094936A /* QuantityKind.swift */; };
		BDDA8F4329C49E9800E1BA4B /* SVGKit in Frameworks */ = {isa = PBXBuildFile; productRef = BDDA8F4229C49E9800E1BA4B /* SVGKit */; };
		BDDA8F4529C49EB900E1BA4B /* SVGKitSwift in Frameworks */ = {isa = PBXBuildFile; productRef = BDDA8F4429C49EB900E1BA4B /* SVGKitSwift */; };
		BDDA8F4829C49FFB00E1BA4B /* SVGImageExt.swift in Sources */ = {isa = PBXBuildFile; fileRef = BDDA8F4729C49FFB00E1BA4B /* SVGImageExt.swift */; };
/* End PBXBuildFile section */

/* Begin PBXFileReference section */
		BD205CDA29C43F5700436543 /* Shake'n'Cook.app */ = {isa = PBXFileReference; explicitFileType = wrapper.application; includeInIndex = 0; path = "Shake'n'Cook.app"; sourceTree = BUILT_PRODUCTS_DIR; };
		BD205CDD29C43F5700436543 /* Shake_n_CookApp.swift */ = {isa = PBXFileReference; lastKnownFileType = sourcecode.swift; path = Shake_n_CookApp.swift; sourceTree = "<group>"; };
		BD205CDF29C43F5700436543 /* ContentView.swift */ = {isa = PBXFileReference; lastKnownFileType = sourcecode.swift; path = ContentView.swift; sourceTree = "<group>"; };
		BD205CE129C43F5800436543 /* Assets.xcassets */ = {isa = PBXFileReference; lastKnownFileType = folder.assetcatalog; path = Assets.xcassets; sourceTree = "<group>"; };
		BD205CE429C43F5800436543 /* Preview Assets.xcassets */ = {isa = PBXFileReference; lastKnownFileType = folder.assetcatalog; path = "Preview Assets.xcassets"; sourceTree = "<group>"; };
		BD205CEF29C4463F00436543 /* ShakeState.swift */ = {isa = PBXFileReference; lastKnownFileType = sourcecode.swift; path = ShakeState.swift; sourceTree = "<group>"; };
		BD205CF329C4475800436543 /* ShakeViewModel.swift */ = {isa = PBXFileReference; lastKnownFileType = sourcecode.swift; path = ShakeViewModel.swift; sourceTree = "<group>"; };
		BD205CF729C4491600436543 /* ShakeView.swift */ = {isa = PBXFileReference; lastKnownFileType = sourcecode.swift; path = ShakeView.swift; sourceTree = "<group>"; };
		BD2549AB29C4C05000AC0585 /* ShakeExt.swift */ = {isa = PBXFileReference; lastKnownFileType = sourcecode.swift; path = ShakeExt.swift; sourceTree = "<group>"; };
		BD2549B329C5A28700AC0585 /* SearchIngredientView.swift */ = {isa = PBXFileReference; lastKnownFileType = sourcecode.swift; path = SearchIngredientView.swift; sourceTree = "<group>"; };
		BD2549B629C5B1D900AC0585 /* Ingredient.swift */ = {isa = PBXFileReference; lastKnownFileType = sourcecode.swift; path = Ingredient.swift; sourceTree = "<group>"; };
		BD2549BF29C5B9EB00AC0585 /* fridge.svg */ = {isa = PBXFileReference; fileEncoding = 4; lastKnownFileType = text.xml; path = fridge.svg; sourceTree = "<group>"; };
		BD2549C029C5B9EB00AC0585 /* shake.svg */ = {isa = PBXFileReference; fileEncoding = 4; lastKnownFileType = text.xml; path = shake.svg; sourceTree = "<group>"; };
		BD2549C429C6184F00AC0585 /* IngredientViewModel.swift */ = {isa = PBXFileReference; lastKnownFileType = sourcecode.swift; path = IngredientViewModel.swift; sourceTree = "<group>"; };
		BD2549C829C6199C00AC0585 /* IngredientRepository.swift */ = {isa = PBXFileReference; lastKnownFileType = sourcecode.swift; path = IngredientRepository.swift; sourceTree = "<group>"; };
		BD2549CE29C61CC100AC0585 /* IngredientResponse.swift */ = {isa = PBXFileReference; lastKnownFileType = sourcecode.swift; path = IngredientResponse.swift; sourceTree = "<group>"; };
		BD2549D029C62AAA00AC0585 /* ShakeError.swift */ = {isa = PBXFileReference; lastKnownFileType = sourcecode.swift; path = ShakeError.swift; sourceTree = "<group>"; };
		BD2549D429C6495600AC0585 /* IngredientState.swift */ = {isa = PBXFileReference; lastKnownFileType = sourcecode.swift; path = IngredientState.swift; sourceTree = "<group>"; };
		BD546F3229C70165004A7BFA /* DiskCacheImageLoader.swift */ = {isa = PBXFileReference; lastKnownFileType = sourcecode.swift; path = DiskCacheImageLoader.swift; sourceTree = "<group>"; };
		BD9CCC0329CA458C00C13C79 /* NativeExt.swift */ = {isa = PBXFileReference; lastKnownFileType = sourcecode.swift; path = NativeExt.swift; sourceTree = "<group>"; };
		BDBCECD229C73BF40094936A /* GoogleService-Info.plist */ = {isa = PBXFileReference; lastKnownFileType = text.plist; path = "GoogleService-Info.plist"; sourceTree = SOURCE_ROOT; };
		BDBCECD929C769F40094936A /* RecipeView.swift */ = {isa = PBXFileReference; lastKnownFileType = sourcecode.swift; path = RecipeView.swift; sourceTree = "<group>"; };
		BDBCECDC29C779110094936A /* RecipeViewModel.swift */ = {isa = PBXFileReference; lastKnownFileType = sourcecode.swift; path = RecipeViewModel.swift; sourceTree = "<group>"; };
		BDBCECDF29C77A740094936A /* RecipeKind.swift */ = {isa = PBXFileReference; lastKnownFileType = sourcecode.swift; path = RecipeKind.swift; sourceTree = "<group>"; };
		BDBCECE129C837170094936A /* RecipesView.swift */ = {isa = PBXFileReference; lastKnownFileType = sourcecode.swift; path = RecipesView.swift; sourceTree = "<group>"; };
		BDBCECE629C853250094936A /* IngredientItemView.swift */ = {isa = PBXFileReference; lastKnownFileType = sourcecode.swift; path = IngredientItemView.swift; sourceTree = "<group>"; };
		BDBCECE829C85C850094936A /* FloatingActionButtonView.swift */ = {isa = PBXFileReference; lastKnownFileType = sourcecode.swift; path = FloatingActionButtonView.swift; sourceTree = "<group>"; };
		BDBCECEA29C87D410094936A /* QuantityKind.swift */ = {isa = PBXFileReference; lastKnownFileType = sourcecode.swift; path = QuantityKind.swift; sourceTree = "<group>"; };
		BDDA8F4729C49FFB00E1BA4B /* SVGImageExt.swift */ = {isa = PBXFileReference; lastKnownFileType = sourcecode.swift; path = SVGImageExt.swift; sourceTree = "<group>"; };
/* End PBXFileReference section */

/* Begin PBXFrameworksBuildPhase section */
		BD205CD729C43F5700436543 /* Frameworks */ = {
			isa = PBXFrameworksBuildPhase;
			buildActionMask = 2147483647;
			files = (
				BD9CCC0229C9FA7F00C13C79 /* CodableFirebase in Frameworks */,
				BD546F4029C719EE004A7BFA /* FirebaseRemoteConfig in Frameworks */,
				BD2549CC29C61B4D00AC0585 /* Alamofire in Frameworks */,
				BDDA8F4529C49EB900E1BA4B /* SVGKitSwift in Frameworks */,
				BDDA8F4329C49E9800E1BA4B /* SVGKit in Frameworks */,
				BD546F3629C719EE004A7BFA /* FirebaseAuth in Frameworks */,
				BD546F3829C719EE004A7BFA /* FirebaseAuthCombine-Community in Frameworks */,
				BD546F3A29C719EE004A7BFA /* FirebaseFirestore in Frameworks */,
				BD546F4229C719EE004A7BFA /* FirebaseRemoteConfigSwift in Frameworks */,
				BDBCECE529C84B0D0094936A /* Kingfisher in Frameworks */,
				BD546F4429C719EE004A7BFA /* FirebaseStorage in Frameworks */,
				BD546F3C29C719EE004A7BFA /* FirebaseFirestoreCombine-Community in Frameworks */,
				BD546F4629C719EE004A7BFA /* FirebaseStorageCombine-Community in Frameworks */,
				BD546F3E29C719EE004A7BFA /* FirebaseFirestoreSwift in Frameworks */,
			);
			runOnlyForDeploymentPostprocessing = 0;
		};
/* End PBXFrameworksBuildPhase section */

/* Begin PBXGroup section */
		BD205CD129C43F5700436543 = {
			isa = PBXGroup;
			children = (
				BD205CDC29C43F5700436543 /* Shake'n'Cook */,
				BD205CDB29C43F5700436543 /* Products */,
				BDDA8F4129C49E9800E1BA4B /* Frameworks */,
			);
			sourceTree = "<group>";
		};
		BD205CDB29C43F5700436543 /* Products */ = {
			isa = PBXGroup;
			children = (
				BD205CDA29C43F5700436543 /* Shake'n'Cook.app */,
			);
			name = Products;
			sourceTree = "<group>";
		};
		BD205CDC29C43F5700436543 /* Shake'n'Cook */ = {
			isa = PBXGroup;
			children = (
				BDBCECD229C73BF40094936A /* GoogleService-Info.plist */,
				BD2549BE29C5B99F00AC0585 /* assets */,
				BD205CEB29C445BD00436543 /* home */,
				BD2549AD29C5A1D600AC0585 /* ingredients */,
				BDBCECD729C769AC0094936A /* recipe */,
				BD205CEC29C445F800436543 /* shake */,
				BDDA8F4629C49FE400E1BA4B /* utils */,
				BD205CDD29C43F5700436543 /* Shake_n_CookApp.swift */,
				BD205CE129C43F5800436543 /* Assets.xcassets */,
				BD205CE329C43F5800436543 /* Preview Content */,
			);
			path = "Shake'n'Cook";
			sourceTree = "<group>";
		};
		BD205CE329C43F5800436543 /* Preview Content */ = {
			isa = PBXGroup;
			children = (
				BD205CE429C43F5800436543 /* Preview Assets.xcassets */,
			);
			path = "Preview Content";
			sourceTree = "<group>";
		};
		BD205CEB29C445BD00436543 /* home */ = {
			isa = PBXGroup;
			children = (
				BD205CDF29C43F5700436543 /* ContentView.swift */,
			);
			path = home;
			sourceTree = "<group>";
		};
		BD205CEC29C445F800436543 /* shake */ = {
			isa = PBXGroup;
			children = (
				BD205CF229C4472100436543 /* interface-adapter */,
				BD205CED29C4461300436543 /* ui */,
				BD205CF729C4491600436543 /* ShakeView.swift */,
			);
			path = shake;
			sourceTree = "<group>";
		};
		BD205CED29C4461300436543 /* ui */ = {
			isa = PBXGroup;
			children = (
				BD205CEE29C4462100436543 /* model */,
			);
			path = ui;
			sourceTree = "<group>";
		};
		BD205CEE29C4462100436543 /* model */ = {
			isa = PBXGroup;
			children = (
				BD205CEF29C4463F00436543 /* ShakeState.swift */,
			);
			path = model;
			sourceTree = "<group>";
		};
		BD205CF229C4472100436543 /* interface-adapter */ = {
			isa = PBXGroup;
			children = (
				BD205CF329C4475800436543 /* ShakeViewModel.swift */,
			);
			path = "interface-adapter";
			sourceTree = "<group>";
		};
		BD2549AD29C5A1D600AC0585 /* ingredients */ = {
			isa = PBXGroup;
			children = (
				BD2549C629C6193D00AC0585 /* data */,
				BD2549C329C6182C00AC0585 /* interface-adapter */,
				BD2549B229C5A27500AC0585 /* ui */,
			);
			path = ingredients;
			sourceTree = "<group>";
		};
		BD2549B229C5A27500AC0585 /* ui */ = {
			isa = PBXGroup;
			children = (
				BD2549CD29C61C8D00AC0585 /* model */,
				BD2549B329C5A28700AC0585 /* SearchIngredientView.swift */,
				BDBCECE629C853250094936A /* IngredientItemView.swift */,
			);
			path = ui;
			sourceTree = "<group>";
		};
		BD2549B529C5B1C000AC0585 /* model */ = {
			isa = PBXGroup;
			children = (
				BD2549CE29C61CC100AC0585 /* IngredientResponse.swift */,
			);
			path = model;
			sourceTree = "<group>";
		};
		BD2549BE29C5B99F00AC0585 /* assets */ = {
			isa = PBXGroup;
			children = (
				BD2549BF29C5B9EB00AC0585 /* fridge.svg */,
				BD2549C029C5B9EB00AC0585 /* shake.svg */,
			);
			path = assets;
			sourceTree = "<group>";
		};
		BD2549C329C6182C00AC0585 /* interface-adapter */ = {
			isa = PBXGroup;
			children = (
				BD2549C429C6184F00AC0585 /* IngredientViewModel.swift */,
			);
			path = "interface-adapter";
			sourceTree = "<group>";
		};
		BD2549C629C6193D00AC0585 /* data */ = {
			isa = PBXGroup;
			children = (
				BD2549B529C5B1C000AC0585 /* model */,
				BD2549C829C6199C00AC0585 /* IngredientRepository.swift */,
			);
			path = data;
			sourceTree = "<group>";
		};
		BD2549CD29C61C8D00AC0585 /* model */ = {
			isa = PBXGroup;
			children = (
				BD2549B629C5B1D900AC0585 /* Ingredient.swift */,
				BD2549D429C6495600AC0585 /* IngredientState.swift */,
			);
			path = model;
			sourceTree = "<group>";
		};
		BDBCECD729C769AC0094936A /* recipe */ = {
			isa = PBXGroup;
			children = (
				BDBCECDB29C778CA0094936A /* interface-adapter */,
				BDBCECD829C769D60094936A /* ui */,
			);
			path = recipe;
			sourceTree = "<group>";
		};
		BDBCECD829C769D60094936A /* ui */ = {
			isa = PBXGroup;
			children = (
				BDBCECDE29C77A680094936A /* model */,
				BDBCECD929C769F40094936A /* RecipeView.swift */,
				BDBCECE129C837170094936A /* RecipesView.swift */,
			);
			path = ui;
			sourceTree = "<group>";
		};
		BDBCECDB29C778CA0094936A /* interface-adapter */ = {
			isa = PBXGroup;
			children = (
				BDBCECDC29C779110094936A /* RecipeViewModel.swift */,
			);
			path = "interface-adapter";
			sourceTree = "<group>";
		};
		BDBCECDE29C77A680094936A /* model */ = {
			isa = PBXGroup;
			children = (
				BDBCECDF29C77A740094936A /* RecipeKind.swift */,
				BDBCECEA29C87D410094936A /* QuantityKind.swift */,
			);
			path = model;
			sourceTree = "<group>";
		};
		BDDA8F4129C49E9800E1BA4B /* Frameworks */ = {
			isa = PBXGroup;
			children = (
			);
			name = Frameworks;
			sourceTree = "<group>";
		};
		BDDA8F4629C49FE400E1BA4B /* utils */ = {
			isa = PBXGroup;
			children = (
				BDDA8F4729C49FFB00E1BA4B /* SVGImageExt.swift */,
				BD2549AB29C4C05000AC0585 /* ShakeExt.swift */,
				BD2549D029C62AAA00AC0585 /* ShakeError.swift */,
				BD546F3229C70165004A7BFA /* DiskCacheImageLoader.swift */,
				BDBCECE829C85C850094936A /* FloatingActionButtonView.swift */,
				BD9CCC0329CA458C00C13C79 /* NativeExt.swift */,
			);
			path = utils;
			sourceTree = "<group>";
		};
/* End PBXGroup section */

/* Begin PBXNativeTarget section */
		BD205CD929C43F5700436543 /* Shake'n'Cook */ = {
			isa = PBXNativeTarget;
			buildConfigurationList = BD205CE829C43F5800436543 /* Build configuration list for PBXNativeTarget "Shake'n'Cook" */;
			buildPhases = (
				BD205CD629C43F5700436543 /* Sources */,
				BD205CD729C43F5700436543 /* Frameworks */,
				BD205CD829C43F5700436543 /* Resources */,
			);
			buildRules = (
			);
			dependencies = (
			);
			name = "Shake'n'Cook";
			packageProductDependencies = (
				BDDA8F4229C49E9800E1BA4B /* SVGKit */,
				BDDA8F4429C49EB900E1BA4B /* SVGKitSwift */,
				BD2549CB29C61B4D00AC0585 /* Alamofire */,
				BD546F3529C719EE004A7BFA /* FirebaseAuth */,
				BD546F3729C719EE004A7BFA /* FirebaseAuthCombine-Community */,
				BD546F3929C719EE004A7BFA /* FirebaseFirestore */,
				BD546F3B29C719EE004A7BFA /* FirebaseFirestoreCombine-Community */,
				BD546F3D29C719EE004A7BFA /* FirebaseFirestoreSwift */,
				BD546F3F29C719EE004A7BFA /* FirebaseRemoteConfig */,
				BD546F4129C719EE004A7BFA /* FirebaseRemoteConfigSwift */,
				BD546F4329C719EE004A7BFA /* FirebaseStorage */,
				BD546F4529C719EE004A7BFA /* FirebaseStorageCombine-Community */,
				BDBCECE429C84B0D0094936A /* Kingfisher */,
				BD9CCC0129C9FA7F00C13C79 /* CodableFirebase */,
			);
			productName = "Shake'n'Cook";
			productReference = BD205CDA29C43F5700436543 /* Shake'n'Cook.app */;
			productType = "com.apple.product-type.application";
		};
/* End PBXNativeTarget section */

/* Begin PBXProject section */
		BD205CD229C43F5700436543 /* Project object */ = {
			isa = PBXProject;
			attributes = {
				BuildIndependentTargetsInParallel = 1;
				LastSwiftUpdateCheck = 1420;
				LastUpgradeCheck = 1420;
				TargetAttributes = {
					BD205CD929C43F5700436543 = {
						CreatedOnToolsVersion = 14.2;
					};
				};
			};
			buildConfigurationList = BD205CD529C43F5700436543 /* Build configuration list for PBXProject "Shake'n'Cook" */;
			compatibilityVersion = "Xcode 14.0";
			developmentRegion = en;
			hasScannedForEncodings = 0;
			knownRegions = (
				en,
				Base,
			);
			mainGroup = BD205CD129C43F5700436543;
			packageReferences = (
				BD1A23EF29C45F6A007836B2 /* XCRemoteSwiftPackageReference "SVGKit" */,
				BD2549CA29C61B4D00AC0585 /* XCRemoteSwiftPackageReference "Alamofire" */,
				BD546F3429C719EE004A7BFA /* XCRemoteSwiftPackageReference "firebase-ios-sdk" */,
				BDBCECD429C74F710094936A /* XCRemoteSwiftPackageReference "CodableFirebase" */,
				BDBCECE329C84B0D0094936A /* XCRemoteSwiftPackageReference "Kingfisher" */,
			);
			productRefGroup = BD205CDB29C43F5700436543 /* Products */;
			projectDirPath = "";
			projectRoot = "";
			targets = (
				BD205CD929C43F5700436543 /* Shake'n'Cook */,
			);
		};
/* End PBXProject section */

/* Begin PBXResourcesBuildPhase section */
		BD205CD829C43F5700436543 /* Resources */ = {
			isa = PBXResourcesBuildPhase;
			buildActionMask = 2147483647;
			files = (
				BD2549C129C5B9EB00AC0585 /* fridge.svg in Resources */,
				BD205CE529C43F5800436543 /* Preview Assets.xcassets in Resources */,
				BDBCECD329C73BF40094936A /* GoogleService-Info.plist in Resources */,
				BD205CE229C43F5800436543 /* Assets.xcassets in Resources */,
				BD2549C229C5B9EB00AC0585 /* shake.svg in Resources */,
			);
			runOnlyForDeploymentPostprocessing = 0;
		};
/* End PBXResourcesBuildPhase section */

/* Begin PBXSourcesBuildPhase section */
		BD205CD629C43F5700436543 /* Sources */ = {
			isa = PBXSourcesBuildPhase;
			buildActionMask = 2147483647;
			files = (
				BDBCECE929C85C850094936A /* FloatingActionButtonView.swift in Sources */,
				BD205CF829C4491600436543 /* ShakeView.swift in Sources */,
				BD2549AC29C4C05000AC0585 /* ShakeExt.swift in Sources */,
				BD2549B729C5B1D900AC0585 /* Ingredient.swift in Sources */,
				BDBCECEB29C87D410094936A /* QuantityKind.swift in Sources */,
				BDBCECDD29C779110094936A /* RecipeViewModel.swift in Sources */,
				BD2549D129C62AAA00AC0585 /* ShakeError.swift in Sources */,
				BD2549D529C6495600AC0585 /* IngredientState.swift in Sources */,
				BDBCECE229C837170094936A /* RecipesView.swift in Sources */,
				BD2549CF29C61CC100AC0585 /* IngredientResponse.swift in Sources */,
				BDBCECE029C77A740094936A /* RecipeKind.swift in Sources */,
				BD546F3329C70165004A7BFA /* DiskCacheImageLoader.swift in Sources */,
				BD2549C929C6199C00AC0585 /* IngredientRepository.swift in Sources */,
				BD205CF029C4463F00436543 /* ShakeState.swift in Sources */,
				BD9CCC0429CA458C00C13C79 /* NativeExt.swift in Sources */,
				BD205CF429C4475800436543 /* ShakeViewModel.swift in Sources */,
				BD2549B429C5A28700AC0585 /* SearchIngredientView.swift in Sources */,
				BD205CE029C43F5700436543 /* ContentView.swift in Sources */,
				BD2549C529C6184F00AC0585 /* IngredientViewModel.swift in Sources */,
				BDDA8F4829C49FFB00E1BA4B /* SVGImageExt.swift in Sources */,
				BDBCECDA29C769F40094936A /* RecipeView.swift in Sources */,
				BDBCECE729C853250094936A /* IngredientItemView.swift in Sources */,
				BD205CDE29C43F5700436543 /* Shake_n_CookApp.swift in Sources */,
			);
			runOnlyForDeploymentPostprocessing = 0;
		};
/* End PBXSourcesBuildPhase section */

/* Begin XCBuildConfiguration section */
		BD205CE629C43F5800436543 /* Debug */ = {
			isa = XCBuildConfiguration;
			buildSettings = {
				ALWAYS_SEARCH_USER_PATHS = NO;
				CLANG_ANALYZER_NONNULL = YES;
				CLANG_ANALYZER_NUMBER_OBJECT_CONVERSION = YES_AGGRESSIVE;
				CLANG_CXX_LANGUAGE_STANDARD = "gnu++20";
				CLANG_ENABLE_MODULES = YES;
				CLANG_ENABLE_OBJC_ARC = YES;
				CLANG_ENABLE_OBJC_WEAK = YES;
				CLANG_WARN_BLOCK_CAPTURE_AUTORELEASING = YES;
				CLANG_WARN_BOOL_CONVERSION = YES;
				CLANG_WARN_COMMA = YES;
				CLANG_WARN_CONSTANT_CONVERSION = YES;
				CLANG_WARN_DEPRECATED_OBJC_IMPLEMENTATIONS = YES;
				CLANG_WARN_DIRECT_OBJC_ISA_USAGE = YES_ERROR;
				CLANG_WARN_DOCUMENTATION_COMMENTS = YES;
				CLANG_WARN_EMPTY_BODY = YES;
				CLANG_WARN_ENUM_CONVERSION = YES;
				CLANG_WARN_INFINITE_RECURSION = YES;
				CLANG_WARN_INT_CONVERSION = YES;
				CLANG_WARN_NON_LITERAL_NULL_CONVERSION = YES;
				CLANG_WARN_OBJC_IMPLICIT_RETAIN_SELF = YES;
				CLANG_WARN_OBJC_LITERAL_CONVERSION = YES;
				CLANG_WARN_OBJC_ROOT_CLASS = YES_ERROR;
				CLANG_WARN_QUOTED_INCLUDE_IN_FRAMEWORK_HEADER = YES;
				CLANG_WARN_RANGE_LOOP_ANALYSIS = YES;
				CLANG_WARN_STRICT_PROTOTYPES = YES;
				CLANG_WARN_SUSPICIOUS_MOVE = YES;
				CLANG_WARN_UNGUARDED_AVAILABILITY = YES_AGGRESSIVE;
				CLANG_WARN_UNREACHABLE_CODE = YES;
				CLANG_WARN__DUPLICATE_METHOD_MATCH = YES;
				COPY_PHASE_STRIP = NO;
				DEBUG_INFORMATION_FORMAT = dwarf;
				ENABLE_STRICT_OBJC_MSGSEND = YES;
				ENABLE_TESTABILITY = YES;
				GCC_C_LANGUAGE_STANDARD = gnu11;
				GCC_DYNAMIC_NO_PIC = NO;
				GCC_NO_COMMON_BLOCKS = YES;
				GCC_OPTIMIZATION_LEVEL = 0;
				GCC_PREPROCESSOR_DEFINITIONS = (
					"DEBUG=1",
					"$(inherited)",
				);
				GCC_WARN_64_TO_32_BIT_CONVERSION = YES;
				GCC_WARN_ABOUT_RETURN_TYPE = YES_ERROR;
				GCC_WARN_UNDECLARED_SELECTOR = YES;
				GCC_WARN_UNINITIALIZED_AUTOS = YES_AGGRESSIVE;
				GCC_WARN_UNUSED_FUNCTION = YES;
				GCC_WARN_UNUSED_VARIABLE = YES;
				IPHONEOS_DEPLOYMENT_TARGET = 16.2;
				MTL_ENABLE_DEBUG_INFO = INCLUDE_SOURCE;
				MTL_FAST_MATH = YES;
				ONLY_ACTIVE_ARCH = YES;
				SDKROOT = iphoneos;
				SWIFT_ACTIVE_COMPILATION_CONDITIONS = DEBUG;
				SWIFT_OPTIMIZATION_LEVEL = "-Onone";
			};
			name = Debug;
		};
		BD205CE729C43F5800436543 /* Release */ = {
			isa = XCBuildConfiguration;
			buildSettings = {
				ALWAYS_SEARCH_USER_PATHS = NO;
				CLANG_ANALYZER_NONNULL = YES;
				CLANG_ANALYZER_NUMBER_OBJECT_CONVERSION = YES_AGGRESSIVE;
				CLANG_CXX_LANGUAGE_STANDARD = "gnu++20";
				CLANG_ENABLE_MODULES = YES;
				CLANG_ENABLE_OBJC_ARC = YES;
				CLANG_ENABLE_OBJC_WEAK = YES;
				CLANG_WARN_BLOCK_CAPTURE_AUTORELEASING = YES;
				CLANG_WARN_BOOL_CONVERSION = YES;
				CLANG_WARN_COMMA = YES;
				CLANG_WARN_CONSTANT_CONVERSION = YES;
				CLANG_WARN_DEPRECATED_OBJC_IMPLEMENTATIONS = YES;
				CLANG_WARN_DIRECT_OBJC_ISA_USAGE = YES_ERROR;
				CLANG_WARN_DOCUMENTATION_COMMENTS = YES;
				CLANG_WARN_EMPTY_BODY = YES;
				CLANG_WARN_ENUM_CONVERSION = YES;
				CLANG_WARN_INFINITE_RECURSION = YES;
				CLANG_WARN_INT_CONVERSION = YES;
				CLANG_WARN_NON_LITERAL_NULL_CONVERSION = YES;
				CLANG_WARN_OBJC_IMPLICIT_RETAIN_SELF = YES;
				CLANG_WARN_OBJC_LITERAL_CONVERSION = YES;
				CLANG_WARN_OBJC_ROOT_CLASS = YES_ERROR;
				CLANG_WARN_QUOTED_INCLUDE_IN_FRAMEWORK_HEADER = YES;
				CLANG_WARN_RANGE_LOOP_ANALYSIS = YES;
				CLANG_WARN_STRICT_PROTOTYPES = YES;
				CLANG_WARN_SUSPICIOUS_MOVE = YES;
				CLANG_WARN_UNGUARDED_AVAILABILITY = YES_AGGRESSIVE;
				CLANG_WARN_UNREACHABLE_CODE = YES;
				CLANG_WARN__DUPLICATE_METHOD_MATCH = YES;
				COPY_PHASE_STRIP = NO;
				DEBUG_INFORMATION_FORMAT = "dwarf-with-dsym";
				ENABLE_NS_ASSERTIONS = NO;
				ENABLE_STRICT_OBJC_MSGSEND = YES;
				GCC_C_LANGUAGE_STANDARD = gnu11;
				GCC_NO_COMMON_BLOCKS = YES;
				GCC_WARN_64_TO_32_BIT_CONVERSION = YES;
				GCC_WARN_ABOUT_RETURN_TYPE = YES_ERROR;
				GCC_WARN_UNDECLARED_SELECTOR = YES;
				GCC_WARN_UNINITIALIZED_AUTOS = YES_AGGRESSIVE;
				GCC_WARN_UNUSED_FUNCTION = YES;
				GCC_WARN_UNUSED_VARIABLE = YES;
				IPHONEOS_DEPLOYMENT_TARGET = 16.2;
				MTL_ENABLE_DEBUG_INFO = NO;
				MTL_FAST_MATH = YES;
				SDKROOT = iphoneos;
				SWIFT_COMPILATION_MODE = wholemodule;
				SWIFT_OPTIMIZATION_LEVEL = "-O";
				VALIDATE_PRODUCT = YES;
			};
			name = Release;
		};
		BD205CE929C43F5800436543 /* Debug */ = {
			isa = XCBuildConfiguration;
			buildSettings = {
				ASSETCATALOG_COMPILER_APPICON_NAME = AppIcon;
				ASSETCATALOG_COMPILER_GLOBAL_ACCENT_COLOR_NAME = AccentColor;
				CODE_SIGN_STYLE = Automatic;
				CURRENT_PROJECT_VERSION = 1;
				DEVELOPMENT_ASSET_PATHS = "\"Shake'n'Cook/Preview Content\"";
				DEVELOPMENT_TEAM = F676459WED;
				ENABLE_PREVIEWS = YES;
				GENERATE_INFOPLIST_FILE = YES;
				INFOPLIST_KEY_UIApplicationSceneManifest_Generation = YES;
				INFOPLIST_KEY_UIApplicationSupportsIndirectInputEvents = YES;
				INFOPLIST_KEY_UILaunchScreen_Generation = YES;
				INFOPLIST_KEY_UISupportedInterfaceOrientations_iPad = "UIInterfaceOrientationPortrait UIInterfaceOrientationPortraitUpsideDown UIInterfaceOrientationLandscapeLeft UIInterfaceOrientationLandscapeRight";
				INFOPLIST_KEY_UISupportedInterfaceOrientations_iPhone = "UIInterfaceOrientationPortrait UIInterfaceOrientationLandscapeLeft UIInterfaceOrientationLandscapeRight";
				IPHONEOS_DEPLOYMENT_TARGET = 16.0;
				LD_RUNPATH_SEARCH_PATHS = (
					"$(inherited)",
					"@executable_path/Frameworks",
				);
				MARKETING_VERSION = 1.0;
				PRODUCT_BUNDLE_IDENTIFIER = "Apps-Horizon.Shake-n-Cook";
				PRODUCT_NAME = "$(TARGET_NAME)";
				SWIFT_EMIT_LOC_STRINGS = YES;
				SWIFT_VERSION = 5.0;
				TARGETED_DEVICE_FAMILY = "1,2";
			};
			name = Debug;
		};
		BD205CEA29C43F5800436543 /* Release */ = {
			isa = XCBuildConfiguration;
			buildSettings = {
				ASSETCATALOG_COMPILER_APPICON_NAME = AppIcon;
				ASSETCATALOG_COMPILER_GLOBAL_ACCENT_COLOR_NAME = AccentColor;
				CODE_SIGN_STYLE = Automatic;
				CURRENT_PROJECT_VERSION = 1;
				DEVELOPMENT_ASSET_PATHS = "\"Shake'n'Cook/Preview Content\"";
				DEVELOPMENT_TEAM = F676459WED;
				ENABLE_PREVIEWS = YES;
				GENERATE_INFOPLIST_FILE = YES;
				INFOPLIST_KEY_UIApplicationSceneManifest_Generation = YES;
				INFOPLIST_KEY_UIApplicationSupportsIndirectInputEvents = YES;
				INFOPLIST_KEY_UILaunchScreen_Generation = YES;
				INFOPLIST_KEY_UISupportedInterfaceOrientations_iPad = "UIInterfaceOrientationPortrait UIInterfaceOrientationPortraitUpsideDown UIInterfaceOrientationLandscapeLeft UIInterfaceOrientationLandscapeRight";
				INFOPLIST_KEY_UISupportedInterfaceOrientations_iPhone = "UIInterfaceOrientationPortrait UIInterfaceOrientationLandscapeLeft UIInterfaceOrientationLandscapeRight";
				IPHONEOS_DEPLOYMENT_TARGET = 16.0;
				LD_RUNPATH_SEARCH_PATHS = (
					"$(inherited)",
					"@executable_path/Frameworks",
				);
				MARKETING_VERSION = 1.0;
				PRODUCT_BUNDLE_IDENTIFIER = "Apps-Horizon.Shake-n-Cook";
				PRODUCT_NAME = "$(TARGET_NAME)";
				SWIFT_EMIT_LOC_STRINGS = YES;
				SWIFT_VERSION = 5.0;
				TARGETED_DEVICE_FAMILY = "1,2";
			};
			name = Release;
		};
/* End XCBuildConfiguration section */

/* Begin XCConfigurationList section */
		BD205CD529C43F5700436543 /* Build configuration list for PBXProject "Shake'n'Cook" */ = {
			isa = XCConfigurationList;
			buildConfigurations = (
				BD205CE629C43F5800436543 /* Debug */,
				BD205CE729C43F5800436543 /* Release */,
			);
			defaultConfigurationIsVisible = 0;
			defaultConfigurationName = Release;
		};
		BD205CE829C43F5800436543 /* Build configuration list for PBXNativeTarget "Shake'n'Cook" */ = {
			isa = XCConfigurationList;
			buildConfigurations = (
				BD205CE929C43F5800436543 /* Debug */,
				BD205CEA29C43F5800436543 /* Release */,
			);
			defaultConfigurationIsVisible = 0;
			defaultConfigurationName = Release;
		};
/* End XCConfigurationList section */

/* Begin XCRemoteSwiftPackageReference section */
		BD1A23EF29C45F6A007836B2 /* XCRemoteSwiftPackageReference "SVGKit" */ = {
			isa = XCRemoteSwiftPackageReference;
			repositoryURL = "https://github.com/SVGKit/SVGKit.git";
			requirement = {
				branch = 3.x;
				kind = branch;
			};
		};
		BD2549CA29C61B4D00AC0585 /* XCRemoteSwiftPackageReference "Alamofire" */ = {
			isa = XCRemoteSwiftPackageReference;
			repositoryURL = "https://github.com/Alamofire/Alamofire.git";
			requirement = {
				kind = upToNextMajorVersion;
				minimumVersion = 5.0.0;
			};
		};
		BD546F3429C719EE004A7BFA /* XCRemoteSwiftPackageReference "firebase-ios-sdk" */ = {
			isa = XCRemoteSwiftPackageReference;
			repositoryURL = "https://github.com/firebase/firebase-ios-sdk.git";
			requirement = {
				branch = master;
				kind = branch;
			};
		};
		BDBCECD429C74F710094936A /* XCRemoteSwiftPackageReference "CodableFirebase" */ = {
			isa = XCRemoteSwiftPackageReference;
			repositoryURL = "https://github.com/alickbass/CodableFirebase";
			requirement = {
				kind = upToNextMajorVersion;
				minimumVersion = 0.2.2;
			};
		};
		BDBCECE329C84B0D0094936A /* XCRemoteSwiftPackageReference "Kingfisher" */ = {
			isa = XCRemoteSwiftPackageReference;
			repositoryURL = "https://github.com/onevcat/Kingfisher.git";
			requirement = {
				kind = upToNextMajorVersion;
				minimumVersion = 7.0.0;
			};
		};
/* End XCRemoteSwiftPackageReference section */

/* Begin XCSwiftPackageProductDependency section */
		BD2549CB29C61B4D00AC0585 /* Alamofire */ = {
			isa = XCSwiftPackageProductDependency;
			package = BD2549CA29C61B4D00AC0585 /* XCRemoteSwiftPackageReference "Alamofire" */;
			productName = Alamofire;
		};
		BD546F3529C719EE004A7BFA /* FirebaseAuth */ = {
			isa = XCSwiftPackageProductDependency;
			package = BD546F3429C719EE004A7BFA /* XCRemoteSwiftPackageReference "firebase-ios-sdk" */;
			productName = FirebaseAuth;
		};
		BD546F3729C719EE004A7BFA /* FirebaseAuthCombine-Community */ = {
			isa = XCSwiftPackageProductDependency;
			package = BD546F3429C719EE004A7BFA /* XCRemoteSwiftPackageReference "firebase-ios-sdk" */;
			productName = "FirebaseAuthCombine-Community";
		};
		BD546F3929C719EE004A7BFA /* FirebaseFirestore */ = {
			isa = XCSwiftPackageProductDependency;
			package = BD546F3429C719EE004A7BFA /* XCRemoteSwiftPackageReference "firebase-ios-sdk" */;
			productName = FirebaseFirestore;
		};
		BD546F3B29C719EE004A7BFA /* FirebaseFirestoreCombine-Community */ = {
			isa = XCSwiftPackageProductDependency;
			package = BD546F3429C719EE004A7BFA /* XCRemoteSwiftPackageReference "firebase-ios-sdk" */;
			productName = "FirebaseFirestoreCombine-Community";
		};
		BD546F3D29C719EE004A7BFA /* FirebaseFirestoreSwift */ = {
			isa = XCSwiftPackageProductDependency;
			package = BD546F3429C719EE004A7BFA /* XCRemoteSwiftPackageReference "firebase-ios-sdk" */;
			productName = FirebaseFirestoreSwift;
		};
		BD546F3F29C719EE004A7BFA /* FirebaseRemoteConfig */ = {
			isa = XCSwiftPackageProductDependency;
			package = BD546F3429C719EE004A7BFA /* XCRemoteSwiftPackageReference "firebase-ios-sdk" */;
			productName = FirebaseRemoteConfig;
		};
		BD546F4129C719EE004A7BFA /* FirebaseRemoteConfigSwift */ = {
			isa = XCSwiftPackageProductDependency;
			package = BD546F3429C719EE004A7BFA /* XCRemoteSwiftPackageReference "firebase-ios-sdk" */;
			productName = FirebaseRemoteConfigSwift;
		};
		BD546F4329C719EE004A7BFA /* FirebaseStorage */ = {
			isa = XCSwiftPackageProductDependency;
			package = BD546F3429C719EE004A7BFA /* XCRemoteSwiftPackageReference "firebase-ios-sdk" */;
			productName = FirebaseStorage;
		};
		BD546F4529C719EE004A7BFA /* FirebaseStorageCombine-Community */ = {
			isa = XCSwiftPackageProductDependency;
			package = BD546F3429C719EE004A7BFA /* XCRemoteSwiftPackageReference "firebase-ios-sdk" */;
			productName = "FirebaseStorageCombine-Community";
		};
		BD9CCC0129C9FA7F00C13C79 /* CodableFirebase */ = {
			isa = XCSwiftPackageProductDependency;
			package = BDBCECD429C74F710094936A /* XCRemoteSwiftPackageReference "CodableFirebase" */;
			productName = CodableFirebase;
		};
		BDBCECE429C84B0D0094936A /* Kingfisher */ = {
			isa = XCSwiftPackageProductDependency;
			package = BDBCECE329C84B0D0094936A /* XCRemoteSwiftPackageReference "Kingfisher" */;
			productName = Kingfisher;
		};
		BDDA8F4229C49E9800E1BA4B /* SVGKit */ = {
			isa = XCSwiftPackageProductDependency;
			package = BD1A23EF29C45F6A007836B2 /* XCRemoteSwiftPackageReference "SVGKit" */;
			productName = SVGKit;
		};
		BDDA8F4429C49EB900E1BA4B /* SVGKitSwift */ = {
			isa = XCSwiftPackageProductDependency;
			package = BD1A23EF29C45F6A007836B2 /* XCRemoteSwiftPackageReference "SVGKit" */;
			productName = SVGKitSwift;
		};
/* End XCSwiftPackageProductDependency section */
	};
	rootObject = BD205CD229C43F5700436543 /* Project object */;
}
